
Microsoft Visual Studio Solution File, Format Version 12.00
# Visual Studio Version 16
VisualStudioVersion = 16.0.29911.84
MinimumVisualStudioVersion = 10.0.40219.1
Project("{9A19103F-16F7-4668-BE54-9A1E7A4F7556}") = "Metotlar", "Metotlar\Metotlar.csproj", "{7EC53964-E964-48C6-AAB5-0F081DA8BB9D}"
EndProject
Project("{9A19103F-16F7-4668-BE54-9A1E7A4F7556}") = "Matematik", "Matematik\Matematik.csproj", "{FF4734EF-1333-4286-9EC2-3A8B3ADB2A00}"
EndProject
Project("{9A19103F-16F7-4668-BE54-9A1E7A4F7556}") = "DegerVeReferansTipler", "DegerVeReferansTipler\DegerVeReferansTipler.csproj", "{3511019B-041B-439B-80B1-BEC54E41984D}"
EndProject
Project("{9A19103F-16F7-4668-BE54-9A1E7A4F7556}") = "ClassMetotDemo", "ClassMetotDemo\ClassMetotDemo.csproj", "{70055B2F-08C4-4276-907E-4B3818F42B38}"
EndProject
Project("{9A19103F-16F7-4668-BE54-9A1E7A4F7556}") = "RefAndOut", "RefAndOut\RefAndOut.csproj", "{D2803DA3-DB5C-4243-9F8E-2B71EB8D9290}"
EndProject
Project("{9A19103F-16F7-4668-BE54-9A1E7A4F7556}") = "OverloadVeParams", "OverloadVeParams\OverloadVeParams.csproj", "{E7022974-DC12-4903-AC0A-6187D75C0488}"
EndProject
Project("{9A19103F-16F7-4668-BE54-9A1E7A4F7556}") = "ReferenceTypes", "ReferenceTypes\ReferenceTypes.csproj", "{98A0623F-DA26-470F-A043-A77D109F113F}"
EndProject
Project("{9A19103F-16F7-4668-BE54-9A1E7A4F7556}") = "Constructors", "Constructors\Constructors.csproj", "{5DA7150B-65B2-4D61-AEEB-B5F1CA1F3C7A}"
EndProject
Project("{9A19103F-16F7-4668-BE54-9A1E7A4F7556}") = "Generics", "Generics\Generics.csproj", "{55183A9B-EDE7-4E76-B688-2B6ED174D320}"
EndProject
Project("{9A19103F-16F7-4668-BE54-9A1E7A4F7556}") = "Dictionary", "Dictionary\Dictionary.csproj", "{5E281855-F565-495A-BC87-D62C29DCAF18}"
EndProject
Project("{9A19103F-16F7-4668-BE54-9A1E7A4F7556}") = "Classes", "Classes\Classes.csproj", "{73D600AE-274A-42AE-91BA-6530E8E643BF}"
EndProject
Project("{FAE04EC0-301F-11D3-BF4B-00C04F79EFBC}") = "RecapDemo1", "RecapDemo1\RecapDemo1.csproj", "{830FBCFF-3C9C-4E21-9545-55D6815D9D23}"
EndProject
Project("{FAE04EC0-301F-11D3-BF4B-00C04F79EFBC}") = "NotHesapla", "NotHesapla\NotHesapla.csproj", "{5817E36D-C8F9-4C7A-AF95-06349EBC8DC5}"
EndProject
Project("{FAE04EC0-301F-11D3-BF4B-00C04F79EFBC}") = "Interfaces", "Interfaces\Interfaces.csproj", "{A7853365-B82B-4D73-918D-1175E3FB1FAE}"
EndProject
Project("{FAE04EC0-301F-11D3-BF4B-00C04F79EFBC}") = "InterfacesDemo", "InterfacesDemo\InterfacesDemo.csproj", "{045D0D00-8BDA-4849-A14E-72874DA8B852}"
EndProject
Project("{FAE04EC0-301F-11D3-BF4B-00C04F79EFBC}") = "Inheritance", "Inheritance\Inheritance.csproj", "{11840917-12B9-40EC-A13A-D1C97C8F419F}"
EndProject
Project("{FAE04EC0-301F-11D3-BF4B-00C04F79EFBC}") = "Interfaces2", "Interfaces2\Interfaces2.csproj", "{E8FB791A-C04A-4935-8B89-85A2F6C87A2B}"
EndProject
Project("{FAE04EC0-301F-11D3-BF4B-00C04F79EFBC}") = "InterfaceAbstractDemo", "InterfaceAbstractDemo\InterfaceAbstractDemo.csproj", "{D9DE42EC-022A-4E38-AF29-CB2168D68C43}"
EndProject
Project("{FAE04EC0-301F-11D3-BF4B-00C04F79EFBC}") = "AbstractClasses", "AbstractClasses\AbstractClasses.csproj", "{ECB28A71-6063-4530-AC00-25AAE1A3C60E}"
EndProject
Global
	GlobalSection(SolutionConfigurationPlatforms) = preSolution
		Debug|Any CPU = Debug|Any CPU
		Release|Any CPU = Release|Any CPU
	EndGlobalSection
	GlobalSection(ProjectConfigurationPlatforms) = postSolution
		{7EC53964-E964-48C6-AAB5-0F081DA8BB9D}.Debug|Any CPU.ActiveCfg = Debug|Any CPU
		{7EC53964-E964-48C6-AAB5-0F081DA8BB9D}.Debug|Any CPU.Build.0 = Debug|Any CPU
		{7EC53964-E964-48C6-AAB5-0F081DA8BB9D}.Release|Any CPU.ActiveCfg = Release|Any CPU
		{7EC53964-E964-48C6-AAB5-0F081DA8BB9D}.Release|Any CPU.Build.0 = Release|Any CPU
		{FF4734EF-1333-4286-9EC2-3A8B3ADB2A00}.Debug|Any CPU.ActiveCfg = Debug|Any CPU
		{FF4734EF-1333-4286-9EC2-3A8B3ADB2A00}.Debug|Any CPU.Build.0 = Debug|Any CPU
		{FF4734EF-1333-4286-9EC2-3A8B3ADB2A00}.Release|Any CPU.ActiveCfg = Release|Any CPU
		{FF4734EF-1333-4286-9EC2-3A8B3ADB2A00}.Release|Any CPU.Build.0 = Release|Any CPU
		{3511019B-041B-439B-80B1-BEC54E41984D}.Debug|Any CPU.ActiveCfg = Debug|Any CPU
		{3511019B-041B-439B-80B1-BEC54E41984D}.Debug|Any CPU.Build.0 = Debug|Any CPU
		{3511019B-041B-439B-80B1-BEC54E41984D}.Release|Any CPU.ActiveCfg = Release|Any CPU
		{3511019B-041B-439B-80B1-BEC54E41984D}.Release|Any CPU.Build.0 = Release|Any CPU
		{70055B2F-08C4-4276-907E-4B3818F42B38}.Debug|Any CPU.ActiveCfg = Debug|Any CPU
		{70055B2F-08C4-4276-907E-4B3818F42B38}.Debug|Any CPU.Build.0 = Debug|Any CPU
		{70055B2F-08C4-4276-907E-4B3818F42B38}.Release|Any CPU.ActiveCfg = Release|Any CPU
		{70055B2F-08C4-4276-907E-4B3818F42B38}.Release|Any CPU.Build.0 = Release|Any CPU
		{D2803DA3-DB5C-4243-9F8E-2B71EB8D9290}.Debug|Any CPU.ActiveCfg = Debug|Any CPU
		{D2803DA3-DB5C-4243-9F8E-2B71EB8D9290}.Debug|Any CPU.Build.0 = Debug|Any CPU
		{D2803DA3-DB5C-4243-9F8E-2B71EB8D9290}.Release|Any CPU.ActiveCfg = Release|Any CPU
		{D2803DA3-DB5C-4243-9F8E-2B71EB8D9290}.Release|Any CPU.Build.0 = Release|Any CPU
		{E7022974-DC12-4903-AC0A-6187D75C0488}.Debug|Any CPU.ActiveCfg = Debug|Any CPU
		{E7022974-DC12-4903-AC0A-6187D75C0488}.Debug|Any CPU.Build.0 = Debug|Any CPU
		{E7022974-DC12-4903-AC0A-6187D75C0488}.Release|Any CPU.ActiveCfg = Release|Any CPU
		{E7022974-DC12-4903-AC0A-6187D75C0488}.Release|Any CPU.Build.0 = Release|Any CPU
		{98A0623F-DA26-470F-A043-A77D109F113F}.Debug|Any CPU.ActiveCfg = Debug|Any CPU
		{98A0623F-DA26-470F-A043-A77D109F113F}.Debug|Any CPU.Build.0 = Debug|Any CPU
		{98A0623F-DA26-470F-A043-A77D109F113F}.Release|Any CPU.ActiveCfg = Release|Any CPU
		{98A0623F-DA26-470F-A043-A77D109F113F}.Release|Any CPU.Build.0 = Release|Any CPU
		{5DA7150B-65B2-4D61-AEEB-B5F1CA1F3C7A}.Debug|Any CPU.ActiveCfg = Debug|Any CPU
		{5DA7150B-65B2-4D61-AEEB-B5F1CA1F3C7A}.Debug|Any CPU.Build.0 = Debug|Any CPU
		{5DA7150B-65B2-4D61-AEEB-B5F1CA1F3C7A}.Release|Any CPU.ActiveCfg = Release|Any CPU
		{5DA7150B-65B2-4D61-AEEB-B5F1CA1F3C7A}.Release|Any CPU.Build.0 = Release|Any CPU
		{55183A9B-EDE7-4E76-B688-2B6ED174D320}.Debug|Any CPU.ActiveCfg = Debug|Any CPU
		{55183A9B-EDE7-4E76-B688-2B6ED174D320}.Debug|Any CPU.Build.0 = Debug|Any CPU
		{55183A9B-EDE7-4E76-B688-2B6ED174D320}.Release|Any CPU.ActiveCfg = Release|Any CPU
		{55183A9B-EDE7-4E76-B688-2B6ED174D320}.Release|Any CPU.Build.0 = Release|Any CPU
		{5E281855-F565-495A-BC87-D62C29DCAF18}.Debug|Any CPU.ActiveCfg = Debug|Any CPU
		{5E281855-F565-495A-BC87-D62C29DCAF18}.Debug|Any CPU.Build.0 = Debug|Any CPU
		{5E281855-F565-495A-BC87-D62C29DCAF18}.Release|Any CPU.ActiveCfg = Release|Any CPU
		{5E281855-F565-495A-BC87-D62C29DCAF18}.Release|Any CPU.Build.0 = Release|Any CPU
		{73D600AE-274A-42AE-91BA-6530E8E643BF}.Debug|Any CPU.ActiveCfg = Debug|Any CPU
		{73D600AE-274A-42AE-91BA-6530E8E643BF}.Debug|Any CPU.Build.0 = Debug|Any CPU
		{73D600AE-274A-42AE-91BA-6530E8E643BF}.Release|Any CPU.ActiveCfg = Release|Any CPU
		{73D600AE-274A-42AE-91BA-6530E8E643BF}.Release|Any CPU.Build.0 = Release|Any CPU
		{830FBCFF-3C9C-4E21-9545-55D6815D9D23}.Debug|Any CPU.ActiveCfg = Debug|Any CPU
		{830FBCFF-3C9C-4E21-9545-55D6815D9D23}.Debug|Any CPU.Build.0 = Debug|Any CPU
		{830FBCFF-3C9C-4E21-9545-55D6815D9D23}.Release|Any CPU.ActiveCfg = Release|Any CPU
		{830FBCFF-3C9C-4E21-9545-55D6815D9D23}.Release|Any CPU.Build.0 = Release|Any CPU
		{5817E36D-C8F9-4C7A-AF95-06349EBC8DC5}.Debug|Any CPU.ActiveCfg = Debug|Any CPU
		{5817E36D-C8F9-4C7A-AF95-06349EBC8DC5}.Debug|Any CPU.Build.0 = Debug|Any CPU
		{5817E36D-C8F9-4C7A-AF95-06349EBC8DC5}.Release|Any CPU.ActiveCfg = Release|Any CPU
		{5817E36D-C8F9-4C7A-AF95-06349EBC8DC5}.Release|Any CPU.Build.0 = Release|Any CPU
		{A7853365-B82B-4D73-918D-1175E3FB1FAE}.Debug|Any CPU.ActiveCfg = Debug|Any CPU
		{A7853365-B82B-4D73-918D-1175E3FB1FAE}.Debug|Any CPU.Build.0 = Debug|Any CPU
		{A7853365-B82B-4D73-918D-1175E3FB1FAE}.Release|Any CPU.ActiveCfg = Release|Any CPU
		{A7853365-B82B-4D73-918D-1175E3FB1FAE}.Release|Any CPU.Build.0 = Release|Any CPU
		{045D0D00-8BDA-4849-A14E-72874DA8B852}.Debug|Any CPU.ActiveCfg = Debug|Any CPU
		{045D0D00-8BDA-4849-A14E-72874DA8B852}.Debug|Any CPU.Build.0 = Debug|Any CPU
		{045D0D00-8BDA-4849-A14E-72874DA8B852}.Release|Any CPU.ActiveCfg = Release|Any CPU
		{045D0D00-8BDA-4849-A14E-72874DA8B852}.Release|Any CPU.Build.0 = Release|Any CPU
		{11840917-12B9-40EC-A13A-D1C97C8F419F}.Debug|Any CPU.ActiveCfg = Debug|Any CPU
		{11840917-12B9-40EC-A13A-D1C97C8F419F}.Debug|Any CPU.Build.0 = Debug|Any CPU
		{11840917-12B9-40EC-A13A-D1C97C8F419F}.Release|Any CPU.ActiveCfg = Release|Any CPU
		{11840917-12B9-40EC-A13A-D1C97C8F419F}.Release|Any CPU.Build.0 = Release|Any CPU
		{E8FB791A-C04A-4935-8B89-85A2F6C87A2B}.Debug|Any CPU.ActiveCfg = Debug|Any CPU
		{E8FB791A-C04A-4935-8B89-85A2F6C87A2B}.Debug|Any CPU.Build.0 = Debug|Any CPU
		{E8FB791A-C04A-4935-8B89-85A2F6C87A2B}.Release|Any CPU.ActiveCfg = Release|Any CPU
		{E8FB791A-C04A-4935-8B89-85A2F6C87A2B}.Release|Any CPU.Build.0 = Release|Any CPU
		{D9DE42EC-022A-4E38-AF29-CB2168D68C43}.Debug|Any CPU.ActiveCfg = Debug|Any CPU
		{D9DE42EC-022A-4E38-AF29-CB2168D68C43}.Debug|Any CPU.Build.0 = Debug|Any CPU
		{D9DE42EC-022A-4E38-AF29-CB2168D68C43}.Release|Any CPU.ActiveCfg = Release|Any CPU
		{D9DE42EC-022A-4E38-AF29-CB2168D68C43}.Release|Any CPU.Build.0 = Release|Any CPU
		{ECB28A71-6063-4530-AC00-25AAE1A3C60E}.Debug|Any CPU.ActiveCfg = Debug|Any CPU
		{ECB28A71-6063-4530-AC00-25AAE1A3C60E}.Debug|Any CPU.Build.0 = Debug|Any CPU
		{ECB28A71-6063-4530-AC00-25AAE1A3C60E}.Release|Any CPU.ActiveCfg = Release|Any CPU
		{ECB28A71-6063-4530-AC00-25AAE1A3C60E}.Release|Any CPU.Build.0 = Release|Any CPU
	EndGlobalSection
	GlobalSection(SolutionProperties) = preSolution
		HideSolutionNode = FALSE
	EndGlobalSection
	GlobalSection(ExtensibilityGlobals) = postSolution
		SolutionGuid = {1D9AE2FE-DB6C-46DA-99FA-C50A69CCB904}
	EndGlobalSection
EndGlobal
