
Microsoft Visual Studio Solution File, Format Version 12.00
# Visual Studio Version 16
VisualStudioVersion = 16.0.29911.84
MinimumVisualStudioVersion = 10.0.40219.1
Project("{FAE04EC0-301F-11D3-BF4B-00C04F79EFBC}") = "Metotlar", "Metotlar\Metotlar.csproj", "{7EC53964-E964-48C6-AAB5-0F081DA8BB9D}"
EndProject
Project("{FAE04EC0-301F-11D3-BF4B-00C04F79EFBC}") = "Matematik", "Matematik\Matematik.csproj", "{FF4734EF-1333-4286-9EC2-3A8B3ADB2A00}"
EndProject
Project("{FAE04EC0-301F-11D3-BF4B-00C04F79EFBC}") = "DegerVeReferansTipler", "DegerVeReferansTipler\DegerVeReferansTipler.csproj", "{3511019B-041B-439B-80B1-BEC54E41984D}"
EndProject
Global
	GlobalSection(SolutionConfigurationPlatforms) = preSolution
		Debug|Any CPU = Debug|Any CPU
		Release|Any CPU = Release|Any CPU
	EndGlobalSection
	GlobalSection(ProjectConfigurationPlatforms) = postSolution
		{7EC53964-E964-48C6-AAB5-0F081DA8BB9D}.Debug|Any CPU.ActiveCfg = Debug|Any CPU
		{7EC53964-E964-48C6-AAB5-0F081DA8BB9D}.Debug|Any CPU.Build.0 = Debug|Any CPU
		{7EC53964-E964-48C6-AAB5-0F081DA8BB9D}.Release|Any CPU.ActiveCfg = Release|Any CPU
		{7EC53964-E964-48C6-AAB5-0F081DA8BB9D}.Release|Any CPU.Build.0 = Release|Any CPU
		{FF4734EF-1333-4286-9EC2-3A8B3ADB2A00}.Debug|Any CPU.ActiveCfg = Debug|Any CPU
		{FF4734EF-1333-4286-9EC2-3A8B3ADB2A00}.Debug|Any CPU.Build.0 = Debug|Any CPU
		{FF4734EF-1333-4286-9EC2-3A8B3ADB2A00}.Release|Any CPU.ActiveCfg = Release|Any CPU
		{FF4734EF-1333-4286-9EC2-3A8B3ADB2A00}.Release|Any CPU.Build.0 = Release|Any CPU
		{3511019B-041B-439B-80B1-BEC54E41984D}.Debug|Any CPU.ActiveCfg = Debug|Any CPU
		{3511019B-041B-439B-80B1-BEC54E41984D}.Debug|Any CPU.Build.0 = Debug|Any CPU
		{3511019B-041B-439B-80B1-BEC54E41984D}.Release|Any CPU.ActiveCfg = Release|Any CPU
		{3511019B-041B-439B-80B1-BEC54E41984D}.Release|Any CPU.Build.0 = Release|Any CPU
	EndGlobalSection
	GlobalSection(SolutionProperties) = preSolution
		HideSolutionNode = FALSE
	EndGlobalSection
	GlobalSection(ExtensibilityGlobals) = postSolution
		SolutionGuid = {1D9AE2FE-DB6C-46DA-99FA-C50A69CCB904}
	EndGlobalSection
EndGlobal
